// !$*UTF8*$!
{
	archiveVersion = 1;
	classes = {
	};
	objectVersion = 55;
	objects = {

/* Begin PBXBuildFile section */
		378EF64727D88ADD006CEBCA /* AppDelegate.swift in Sources */ = {isa = PBXBuildFile; fileRef = 378EF64627D88ADD006CEBCA /* AppDelegate.swift */; };
		378EF64927D88ADD006CEBCA /* SceneDelegate.swift in Sources */ = {isa = PBXBuildFile; fileRef = 378EF64827D88ADD006CEBCA /* SceneDelegate.swift */; };
		378EF64E27D88ADD006CEBCA /* Main.storyboard in Resources */ = {isa = PBXBuildFile; fileRef = 378EF64C27D88ADD006CEBCA /* Main.storyboard */; };
		378EF65027D88AE1006CEBCA /* Assets.xcassets in Resources */ = {isa = PBXBuildFile; fileRef = 378EF64F27D88AE1006CEBCA /* Assets.xcassets */; };
		378EF65327D88AE1006CEBCA /* LaunchScreen.storyboard in Resources */ = {isa = PBXBuildFile; fileRef = 378EF65127D88AE1006CEBCA /* LaunchScreen.storyboard */; };
		378EF65E27D88B36006CEBCA /* URLs.swift in Sources */ = {isa = PBXBuildFile; fileRef = 378EF65D27D88B36006CEBCA /* URLs.swift */; };
		378EF66027D88B48006CEBCA /* APIKeys.swift in Sources */ = {isa = PBXBuildFile; fileRef = 378EF65F27D88B48006CEBCA /* APIKeys.swift */; };
		378EF66227D88B9A006CEBCA /* StockViewController.swift in Sources */ = {isa = PBXBuildFile; fileRef = 378EF66127D88B9A006CEBCA /* StockViewController.swift */; };
		378EF66627D88BCD006CEBCA /* RatingQuote.swift in Sources */ = {isa = PBXBuildFile; fileRef = 378EF66527D88BCD006CEBCA /* RatingQuote.swift */; };
		8F5F3437EDFCCBF49CB01889 /* Pods_Assignment5.framework in Frameworks */ = {isa = PBXBuildFile; fileRef = 645B75A42600B6EEF980EFAC /* Pods_Assignment5.framework */; };
/* End PBXBuildFile section */

/* Begin PBXFileReference section */
		378EF64327D88ADD006CEBCA /* Assignment5.app */ = {isa = PBXFileReference; explicitFileType = wrapper.application; includeInIndex = 0; path = Assignment5.app; sourceTree = BUILT_PRODUCTS_DIR; };
		378EF64627D88ADD006CEBCA /* AppDelegate.swift */ = {isa = PBXFileReference; lastKnownFileType = sourcecode.swift; path = AppDelegate.swift; sourceTree = "<group>"; };
		378EF64827D88ADD006CEBCA /* SceneDelegate.swift */ = {isa = PBXFileReference; lastKnownFileType = sourcecode.swift; path = SceneDelegate.swift; sourceTree = "<group>"; };
		378EF64D27D88ADD006CEBCA /* Base */ = {isa = PBXFileReference; lastKnownFileType = file.storyboard; name = Base; path = Base.lproj/Main.storyboard; sourceTree = "<group>"; };
		378EF64F27D88AE1006CEBCA /* Assets.xcassets */ = {isa = PBXFileReference; lastKnownFileType = folder.assetcatalog; path = Assets.xcassets; sourceTree = "<group>"; };
		378EF65227D88AE1006CEBCA /* Base */ = {isa = PBXFileReference; lastKnownFileType = file.storyboard; name = Base; path = Base.lproj/LaunchScreen.storyboard; sourceTree = "<group>"; };
		378EF65427D88AE1006CEBCA /* Info.plist */ = {isa = PBXFileReference; lastKnownFileType = text.plist.xml; path = Info.plist; sourceTree = "<group>"; };
		378EF65D27D88B36006CEBCA /* URLs.swift */ = {isa = PBXFileReference; lastKnownFileType = sourcecode.swift; path = URLs.swift; sourceTree = "<group>"; };
		378EF65F27D88B48006CEBCA /* APIKeys.swift */ = {isa = PBXFileReference; lastKnownFileType = sourcecode.swift; path = APIKeys.swift; sourceTree = "<group>"; };
		378EF66127D88B9A006CEBCA /* StockViewController.swift */ = {isa = PBXFileReference; lastKnownFileType = sourcecode.swift; path = StockViewController.swift; sourceTree = "<group>"; };
		378EF66527D88BCD006CEBCA /* RatingQuote.swift */ = {isa = PBXFileReference; lastKnownFileType = sourcecode.swift; path = RatingQuote.swift; sourceTree = "<group>"; };
		645B75A42600B6EEF980EFAC /* Pods_Assignment5.framework */ = {isa = PBXFileReference; explicitFileType = wrapper.framework; includeInIndex = 0; path = Pods_Assignment5.framework; sourceTree = BUILT_PRODUCTS_DIR; };
		AB63F2BAA3896DECB55153F3 /* Pods-Assignment5.debug.xcconfig */ = {isa = PBXFileReference; includeInIndex = 1; lastKnownFileType = text.xcconfig; name = "Pods-Assignment5.debug.xcconfig"; path = "Target Support Files/Pods-Assignment5/Pods-Assignment5.debug.xcconfig"; sourceTree = "<group>"; };
		E6CC4A564E9045D9EC88BC17 /* Pods-Assignment5.release.xcconfig */ = {isa = PBXFileReference; includeInIndex = 1; lastKnownFileType = text.xcconfig; name = "Pods-Assignment5.release.xcconfig"; path = "Target Support Files/Pods-Assignment5/Pods-Assignment5.release.xcconfig"; sourceTree = "<group>"; };
/* End PBXFileReference section */

/* Begin PBXFrameworksBuildPhase section */
		378EF64027D88ADD006CEBCA /* Frameworks */ = {
			isa = PBXFrameworksBuildPhase;
			buildActionMask = 2147483647;
			files = (
				8F5F3437EDFCCBF49CB01889 /* Pods_Assignment5.framework in Frameworks */,
			);
			runOnlyForDeploymentPostprocessing = 0;
		};
/* End PBXFrameworksBuildPhase section */

/* Begin PBXGroup section */
		31A81596C8B1AC7AD789B74C /* Pods */ = {
			isa = PBXGroup;
			children = (
				AB63F2BAA3896DECB55153F3 /* Pods-Assignment5.debug.xcconfig */,
				E6CC4A564E9045D9EC88BC17 /* Pods-Assignment5.release.xcconfig */,
			);
			name = Pods;
			path = Pods;
			sourceTree = "<group>";
		};
		378EF63A27D88ADD006CEBCA = {
			isa = PBXGroup;
			children = (
				378EF64527D88ADD006CEBCA /* Assignment5 */,
				378EF64427D88ADD006CEBCA /* Products */,
				31A81596C8B1AC7AD789B74C /* Pods */,
				EAD66F6F94AD66D1F9FD0B6A /* Frameworks */,
			);
			sourceTree = "<group>";
		};
		378EF64427D88ADD006CEBCA /* Products */ = {
			isa = PBXGroup;
			children = (
				378EF64327D88ADD006CEBCA /* Assignment5.app */,
			);
			name = Products;
			sourceTree = "<group>";
		};
		378EF64527D88ADD006CEBCA /* Assignment5 */ = {
			isa = PBXGroup;
			children = (
				378EF66727D88BF1006CEBCA /* View */,
				378EF65C27D88B23006CEBCA /* Model */,
				378EF65B27D88B19006CEBCA /* Controller */,
				378EF65A27D88B12006CEBCA /* Constants */,
				378EF64627D88ADD006CEBCA /* AppDelegate.swift */,
				378EF64827D88ADD006CEBCA /* SceneDelegate.swift */,
				378EF64F27D88AE1006CEBCA /* Assets.xcassets */,
				378EF65127D88AE1006CEBCA /* LaunchScreen.storyboard */,
				378EF65427D88AE1006CEBCA /* Info.plist */,
			);
			path = Assignment5;
			sourceTree = "<group>";
		};
		378EF65A27D88B12006CEBCA /* Constants */ = {
			isa = PBXGroup;
			children = (
				378EF65D27D88B36006CEBCA /* URLs.swift */,
				378EF65F27D88B48006CEBCA /* APIKeys.swift */,
			);
			path = Constants;
			sourceTree = "<group>";
		};
		378EF65B27D88B19006CEBCA /* Controller */ = {
			isa = PBXGroup;
			children = (
				378EF66127D88B9A006CEBCA /* StockViewController.swift */,
			);
			path = Controller;
			sourceTree = "<group>";
		};
		378EF65C27D88B23006CEBCA /* Model */ = {
			isa = PBXGroup;
			children = (
				378EF66527D88BCD006CEBCA /* RatingQuote.swift */,
			);
			path = Model;
			sourceTree = "<group>";
		};
		378EF66727D88BF1006CEBCA /* View */ = {
			isa = PBXGroup;
			children = (
				378EF64C27D88ADD006CEBCA /* Main.storyboard */,
			);
			path = View;
			sourceTree = "<group>";
		};
		EAD66F6F94AD66D1F9FD0B6A /* Frameworks */ = {
			isa = PBXGroup;
			children = (
				645B75A42600B6EEF980EFAC /* Pods_Assignment5.framework */,
			);
			name = Frameworks;
			sourceTree = "<group>";
		};
/* End PBXGroup section */

/* Begin PBXNativeTarget section */
		378EF64227D88ADD006CEBCA /* Assignment5 */ = {
			isa = PBXNativeTarget;
			buildConfigurationList = 378EF65727D88AE1006CEBCA /* Build configuration list for PBXNativeTarget "Assignment5" */;
			buildPhases = (
				6FA560D10BCD86DAAE34A237 /* [CP] Check Pods Manifest.lock */,
				378EF63F27D88ADD006CEBCA /* Sources */,
				378EF64027D88ADD006CEBCA /* Frameworks */,
				378EF64127D88ADD006CEBCA /* Resources */,
				9631B755BB7A599E35B91D47 /* [CP] Embed Pods Frameworks */,
			);
			buildRules = (
			);
			dependencies = (
			);
			name = Assignment5;
			productName = Assignment5;
			productReference = 378EF64327D88ADD006CEBCA /* Assignment5.app */;
			productType = "com.apple.product-type.application";
		};
/* End PBXNativeTarget section */

/* Begin PBXProject section */
		378EF63B27D88ADD006CEBCA /* Project object */ = {
			isa = PBXProject;
			attributes = {
				BuildIndependentTargetsInParallel = 1;
				LastSwiftUpdateCheck = 1320;
				LastUpgradeCheck = 1320;
				TargetAttributes = {
					378EF64227D88ADD006CEBCA = {
						CreatedOnToolsVersion = 13.2.1;
					};
				};
			};
			buildConfigurationList = 378EF63E27D88ADD006CEBCA /* Build configuration list for PBXProject "Assignment5" */;
			compatibilityVersion = "Xcode 13.0";
			developmentRegion = en;
			hasScannedForEncodings = 0;
			knownRegions = (
				en,
				Base,
			);
			mainGroup = 378EF63A27D88ADD006CEBCA;
			productRefGroup = 378EF64427D88ADD006CEBCA /* Products */;
			projectDirPath = "";
			projectRoot = "";
			targets = (
				378EF64227D88ADD006CEBCA /* Assignment5 */,
			);
		};
/* End PBXProject section */

/* Begin PBXResourcesBuildPhase section */
		378EF64127D88ADD006CEBCA /* Resources */ = {
			isa = PBXResourcesBuildPhase;
			buildActionMask = 2147483647;
			files = (
				378EF65327D88AE1006CEBCA /* LaunchScreen.storyboard in Resources */,
				378EF65027D88AE1006CEBCA /* Assets.xcassets in Resources */,
				378EF64E27D88ADD006CEBCA /* Main.storyboard in Resources */,
			);
			runOnlyForDeploymentPostprocessing = 0;
		};
/* End PBXResourcesBuildPhase section */

/* Begin PBXShellScriptBuildPhase section */
		6FA560D10BCD86DAAE34A237 /* [CP] Check Pods Manifest.lock */ = {
			isa = PBXShellScriptBuildPhase;
			buildActionMask = 2147483647;
			files = (
			);
			inputFileListPaths = (
			);
			inputPaths = (
				"${PODS_PODFILE_DIR_PATH}/Podfile.lock",
				"${PODS_ROOT}/Manifest.lock",
			);
			name = "[CP] Check Pods Manifest.lock";
			outputFileListPaths = (
			);
			outputPaths = (
				"$(DERIVED_FILE_DIR)/Pods-Assignment5-checkManifestLockResult.txt",
			);
			runOnlyForDeploymentPostprocessing = 0;
			shellPath = /bin/sh;
			shellScript = "diff \"${PODS_PODFILE_DIR_PATH}/Podfile.lock\" \"${PODS_ROOT}/Manifest.lock\" > /dev/null\nif [ $? != 0 ] ; then\n    # print error to STDERR\n    echo \"error: The sandbox is not in sync with the Podfile.lock. Run 'pod install' or update your CocoaPods installation.\" >&2\n    exit 1\nfi\n# This output is used by Xcode 'outputs' to avoid re-running this script phase.\necho \"SUCCESS\" > \"${SCRIPT_OUTPUT_FILE_0}\"\n";
			showEnvVarsInLog = 0;
		};
		9631B755BB7A599E35B91D47 /* [CP] Embed Pods Frameworks */ = {
			isa = PBXShellScriptBuildPhase;
			buildActionMask = 2147483647;
			files = (
			);
			inputFileListPaths = (
				"${PODS_ROOT}/Target Support Files/Pods-Assignment5/Pods-Assignment5-frameworks-${CONFIGURATION}-input-files.xcfilelist",
			);
			name = "[CP] Embed Pods Frameworks";
			outputFileListPaths = (
				"${PODS_ROOT}/Target Support Files/Pods-Assignment5/Pods-Assignment5-frameworks-${CONFIGURATION}-output-files.xcfilelist",
			);
			runOnlyForDeploymentPostprocessing = 0;
			shellPath = /bin/sh;
			shellScript = "\"${PODS_ROOT}/Target Support Files/Pods-Assignment5/Pods-Assignment5-frameworks.sh\"\n";
			showEnvVarsInLog = 0;
		};
/* End PBXShellScriptBuildPhase section */

/* Begin PBXSourcesBuildPhase section */
		378EF63F27D88ADD006CEBCA /* Sources */ = {
			isa = PBXSourcesBuildPhase;
			buildActionMask = 2147483647;
			files = (
				378EF66227D88B9A006CEBCA /* StockViewController.swift in Sources */,
				378EF66027D88B48006CEBCA /* APIKeys.swift in Sources */,
				378EF64727D88ADD006CEBCA /* AppDelegate.swift in Sources */,
				378EF64927D88ADD006CEBCA /* SceneDelegate.swift in Sources */,
				378EF65E27D88B36006CEBCA /* URLs.swift in Sources */,
				378EF66627D88BCD006CEBCA /* RatingQuote.swift in Sources */,
			);
			runOnlyForDeploymentPostprocessing = 0;
		};
/* End PBXSourcesBuildPhase section */

/* Begin PBXVariantGroup section */
		378EF64C27D88ADD006CEBCA /* Main.storyboard */ = {
			isa = PBXVariantGroup;
			children = (
				378EF64D27D88ADD006CEBCA /* Base */,
			);
			name = Main.storyboard;
			sourceTree = "<group>";
		};
		378EF65127D88AE1006CEBCA /* LaunchScreen.storyboard */ = {
			isa = PBXVariantGroup;
			children = (
				378EF65227D88AE1006CEBCA /* Base */,
			);
			name = LaunchScreen.storyboard;
			sourceTree = "<group>";
		};
/* End PBXVariantGroup section */

/* Begin XCBuildConfiguration section */
		378EF65527D88AE1006CEBCA /* Debug */ = {
			isa = XCBuildConfiguration;
			buildSettings = {
				ALWAYS_SEARCH_USER_PATHS = NO;
				CLANG_ANALYZER_NONNULL = YES;
				CLANG_ANALYZER_NUMBER_OBJECT_CONVERSION = YES_AGGRESSIVE;
				CLANG_CXX_LANGUAGE_STANDARD = "gnu++17";
				CLANG_CXX_LIBRARY = "libc++";
				CLANG_ENABLE_MODULES = YES;
				CLANG_ENABLE_OBJC_ARC = YES;
				CLANG_ENABLE_OBJC_WEAK = YES;
				CLANG_WARN_BLOCK_CAPTURE_AUTORELEASING = YES;
				CLANG_WARN_BOOL_CONVERSION = YES;
				CLANG_WARN_COMMA = YES;
				CLANG_WARN_CONSTANT_CONVERSION = YES;
				CLANG_WARN_DEPRECATED_OBJC_IMPLEMENTATIONS = YES;
				CLANG_WARN_DIRECT_OBJC_ISA_USAGE = YES_ERROR;
				CLANG_WARN_DOCUMENTATION_COMMENTS = YES;
				CLANG_WARN_EMPTY_BODY = YES;
				CLANG_WARN_ENUM_CONVERSION = YES;
				CLANG_WARN_INFINITE_RECURSION = YES;
				CLANG_WARN_INT_CONVERSION = YES;
				CLANG_WARN_NON_LITERAL_NULL_CONVERSION = YES;
				CLANG_WARN_OBJC_IMPLICIT_RETAIN_SELF = YES;
				CLANG_WARN_OBJC_LITERAL_CONVERSION = YES;
				CLANG_WARN_OBJC_ROOT_CLASS = YES_ERROR;
				CLANG_WARN_QUOTED_INCLUDE_IN_FRAMEWORK_HEADER = YES;
				CLANG_WARN_RANGE_LOOP_ANALYSIS = YES;
				CLANG_WARN_STRICT_PROTOTYPES = YES;
				CLANG_WARN_SUSPICIOUS_MOVE = YES;
				CLANG_WARN_UNGUARDED_AVAILABILITY = YES_AGGRESSIVE;
				CLANG_WARN_UNREACHABLE_CODE = YES;
				CLANG_WARN__DUPLICATE_METHOD_MATCH = YES;
				COPY_PHASE_STRIP = NO;
				DEBUG_INFORMATION_FORMAT = dwarf;
				ENABLE_STRICT_OBJC_MSGSEND = YES;
				ENABLE_TESTABILITY = YES;
				GCC_C_LANGUAGE_STANDARD = gnu11;
				GCC_DYNAMIC_NO_PIC = NO;
				GCC_NO_COMMON_BLOCKS = YES;
				GCC_OPTIMIZATION_LEVEL = 0;
				GCC_PREPROCESSOR_DEFINITIONS = (
					"DEBUG=1",
					"$(inherited)",
				);
				GCC_WARN_64_TO_32_BIT_CONVERSION = YES;
				GCC_WARN_ABOUT_RETURN_TYPE = YES_ERROR;
				GCC_WARN_UNDECLARED_SELECTOR = YES;
				GCC_WARN_UNINITIALIZED_AUTOS = YES_AGGRESSIVE;
				GCC_WARN_UNUSED_FUNCTION = YES;
				GCC_WARN_UNUSED_VARIABLE = YES;
				IPHONEOS_DEPLOYMENT_TARGET = 15.2;
				MTL_ENABLE_DEBUG_INFO = INCLUDE_SOURCE;
				MTL_FAST_MATH = YES;
				ONLY_ACTIVE_ARCH = YES;
				SDKROOT = iphoneos;
				SWIFT_ACTIVE_COMPILATION_CONDITIONS = DEBUG;
				SWIFT_OPTIMIZATION_LEVEL = "-Onone";
			};
			name = Debug;
		};
		378EF65627D88AE1006CEBCA /* Release */ = {
			isa = XCBuildConfiguration;
			buildSettings = {
				ALWAYS_SEARCH_USER_PATHS = NO;
				CLANG_ANALYZER_NONNULL = YES;
				CLANG_ANALYZER_NUMBER_OBJECT_CONVERSION = YES_AGGRESSIVE;
				CLANG_CXX_LANGUAGE_STANDARD = "gnu++17";
				CLANG_CXX_LIBRARY = "libc++";
				CLANG_ENABLE_MODULES = YES;
				CLANG_ENABLE_OBJC_ARC = YES;
				CLANG_ENABLE_OBJC_WEAK = YES;
				CLANG_WARN_BLOCK_CAPTURE_AUTORELEASING = YES;
				CLANG_WARN_BOOL_CONVERSION = YES;
				CLANG_WARN_COMMA = YES;
				CLANG_WARN_CONSTANT_CONVERSION = YES;
				CLANG_WARN_DEPRECATED_OBJC_IMPLEMENTATIONS = YES;
				CLANG_WARN_DIRECT_OBJC_ISA_USAGE = YES_ERROR;
				CLANG_WARN_DOCUMENTATION_COMMENTS = YES;
				CLANG_WARN_EMPTY_BODY = YES;
				CLANG_WARN_ENUM_CONVERSION = YES;
				CLANG_WARN_INFINITE_RECURSION = YES;
				CLANG_WARN_INT_CONVERSION = YES;
				CLANG_WARN_NON_LITERAL_NULL_CONVERSION = YES;
				CLANG_WARN_OBJC_IMPLICIT_RETAIN_SELF = YES;
				CLANG_WARN_OBJC_LITERAL_CONVERSION = YES;
				CLANG_WARN_OBJC_ROOT_CLASS = YES_ERROR;
				CLANG_WARN_QUOTED_INCLUDE_IN_FRAMEWORK_HEADER = YES;
				CLANG_WARN_RANGE_LOOP_ANALYSIS = YES;
				CLANG_WARN_STRICT_PROTOTYPES = YES;
				CLANG_WARN_SUSPICIOUS_MOVE = YES;
				CLANG_WARN_UNGUARDED_AVAILABILITY = YES_AGGRESSIVE;
				CLANG_WARN_UNREACHABLE_CODE = YES;
				CLANG_WARN__DUPLICATE_METHOD_MATCH = YES;
				COPY_PHASE_STRIP = NO;
				DEBUG_INFORMATION_FORMAT = "dwarf-with-dsym";
				ENABLE_NS_ASSERTIONS = NO;
				ENABLE_STRICT_OBJC_MSGSEND = YES;
				GCC_C_LANGUAGE_STANDARD = gnu11;
				GCC_NO_COMMON_BLOCKS = YES;
				GCC_WARN_64_TO_32_BIT_CONVERSION = YES;
				GCC_WARN_ABOUT_RETURN_TYPE = YES_ERROR;
				GCC_WARN_UNDECLARED_SELECTOR = YES;
				GCC_WARN_UNINITIALIZED_AUTOS = YES_AGGRESSIVE;
				GCC_WARN_UNUSED_FUNCTION = YES;
				GCC_WARN_UNUSED_VARIABLE = YES;
				IPHONEOS_DEPLOYMENT_TARGET = 15.2;
				MTL_ENABLE_DEBUG_INFO = NO;
				MTL_FAST_MATH = YES;
				SDKROOT = iphoneos;
				SWIFT_COMPILATION_MODE = wholemodule;
				SWIFT_OPTIMIZATION_LEVEL = "-O";
				VALIDATE_PRODUCT = YES;
			};
			name = Release;
		};
		378EF65827D88AE1006CEBCA /* Debug */ = {
			isa = XCBuildConfiguration;
			baseConfigurationReference = AB63F2BAA3896DECB55153F3 /* Pods-Assignment5.debug.xcconfig */;
			buildSettings = {
				ASSETCATALOG_COMPILER_APPICON_NAME = AppIcon;
				ASSETCATALOG_COMPILER_GLOBAL_ACCENT_COLOR_NAME = AccentColor;
				CODE_SIGN_STYLE = Automatic;
				CURRENT_PROJECT_VERSION = 1;
				GENERATE_INFOPLIST_FILE = YES;
				INFOPLIST_FILE = Assignment5/Info.plist;
				INFOPLIST_KEY_UIApplicationSupportsIndirectInputEvents = YES;
				INFOPLIST_KEY_UILaunchStoryboardName = LaunchScreen;
				INFOPLIST_KEY_UIMainStoryboardFile = Main;
				INFOPLIST_KEY_UISupportedInterfaceOrientations_iPad = "UIInterfaceOrientationPortrait UIInterfaceOrientationPortraitUpsideDown UIInterfaceOrientationLandscapeLeft UIInterfaceOrientationLandscapeRight";
				INFOPLIST_KEY_UISupportedInterfaceOrientations_iPhone = "UIInterfaceOrientationPortrait UIInterfaceOrientationLandscapeLeft UIInterfaceOrientationLandscapeRight";
				LD_RUNPATH_SEARCH_PATHS = (
					"$(inherited)",
					"@executable_path/Frameworks",
				);
				MARKETING_VERSION = 1.0;
				PRODUCT_BUNDLE_IDENTIFIER = edu.northeastern.jindinggan.Assignment5;
				PRODUCT_NAME = "$(TARGET_NAME)";
				SWIFT_EMIT_LOC_STRINGS = YES;
				SWIFT_VERSION = 5.0;
				TARGETED_DEVICE_FAMILY = "1,2";
			};
			name = Debug;
		};
		378EF65927D88AE1006CEBCA /* Release */ = {
			isa = XCBuildConfiguration;
			baseConfigurationReference = E6CC4A564E9045D9EC88BC17 /* Pods-Assignment5.release.xcconfig */;
			buildSettings = {
				ASSETCATALOG_COMPILER_APPICON_NAME = AppIcon;
				ASSETCATALOG_COMPILER_GLOBAL_ACCENT_COLOR_NAME = AccentColor;
				CODE_SIGN_STYLE = Automatic;
				CURRENT_PROJECT_VERSION = 1;
				GENERATE_INFOPLIST_FILE = YES;
				INFOPLIST_FILE = Assignment5/Info.plist;
				INFOPLIST_KEY_UIApplicationSupportsIndirectInputEvents = YES;
				INFOPLIST_KEY_UILaunchStoryboardName = LaunchScreen;
				INFOPLIST_KEY_UIMainStoryboardFile = Main;
				INFOPLIST_KEY_UISupportedInterfaceOrientations_iPad = "UIInterfaceOrientationPortrait UIInterfaceOrientationPortraitUpsideDown UIInterfaceOrientationLandscapeLeft UIInterfaceOrientationLandscapeRight";
				INFOPLIST_KEY_UISupportedInterfaceOrientations_iPhone = "UIInterfaceOrientationPortrait UIInterfaceOrientationLandscapeLeft UIInterfaceOrientationLandscapeRight";
				LD_RUNPATH_SEARCH_PATHS = (
					"$(inherited)",
					"@executable_path/Frameworks",
				);
				MARKETING_VERSION = 1.0;
				PRODUCT_BUNDLE_IDENTIFIER = edu.northeastern.jindinggan.Assignment5;
				PRODUCT_NAME = "$(TARGET_NAME)";
				SWIFT_EMIT_LOC_STRINGS = YES;
				SWIFT_VERSION = 5.0;
				TARGETED_DEVICE_FAMILY = "1,2";
			};
			name = Release;
		};
/* End XCBuildConfiguration section */

/* Begin XCConfigurationList section */
		378EF63E27D88ADD006CEBCA /* Build configuration list for PBXProject "Assignment5" */ = {
			isa = XCConfigurationList;
			buildConfigurations = (
				378EF65527D88AE1006CEBCA /* Debug */,
				378EF65627D88AE1006CEBCA /* Release */,
			);
			defaultConfigurationIsVisible = 0;
			defaultConfigurationName = Release;
		};
		378EF65727D88AE1006CEBCA /* Build configuration list for PBXNativeTarget "Assignment5" */ = {
			isa = XCConfigurationList;
			buildConfigurations = (
				378EF65827D88AE1006CEBCA /* Debug */,
				378EF65927D88AE1006CEBCA /* Release */,
			);
			defaultConfigurationIsVisible = 0;
			defaultConfigurationName = Release;
		};
/* End XCConfigurationList section */
	};
	rootObject = 378EF63B27D88ADD006CEBCA /* Project object */;
}
